lockfileVersion: '9.0'

settings:
  autoInstallPeers: false
  excludeLinksFromLockfile: false

catalogs:
  default:
    '@types/node':
      specifier: ^25.3.3
      version: 25.5.0
    drizzle-orm:
      specifier: ^0.45.1
      version: 0.45.2
    zod:
      specifier: ^3.25.76
      version: 3.25.76

overrides:
  esbuild>@esbuild/darwin-arm64: '-'
  esbuild>@esbuild/darwin-x64: '-'
  esbuild>@esbuild/freebsd-arm64: '-'
  esbuild>@esbuild/freebsd-x64: '-'
  esbuild>@esbuild/linux-arm: '-'
  esbuild>@esbuild/linux-arm64: '-'
  esbuild>@esbuild/linux-ia32: '-'
  esbuild>@esbuild/linux-loong64: '-'
  esbuild>@esbuild/linux-mips64el: '-'
  esbuild>@esbuild/linux-ppc64: '-'
  esbuild>@esbuild/linux-riscv64: '-'
  esbuild>@esbuild/linux-s390x: '-'
  esbuild>@esbuild/netbsd-arm64: '-'
  esbuild>@esbuild/netbsd-x64: '-'
  esbuild>@esbuild/openbsd-arm64: '-'
  esbuild>@esbuild/openbsd-x64: '-'
  esbuild>@esbuild/sunos-x64: '-'
  esbuild>@esbuild/win32-arm64: '-'
  esbuild>@esbuild/win32-ia32: '-'
  esbuild>@esbuild/win32-x64: '-'
  esbuild>@esbuild/aix-ppc64: '-'
  esbuild>@esbuild/android-arm: '-'
  esbuild>@esbuild/android-arm64: '-'
  esbuild>@esbuild/android-x64: '-'
  esbuild>@esbuild/openharmony-arm64: '-'
  lightningcss>lightningcss-android-arm64: '-'
  lightningcss>lightningcss-darwin-arm64: '-'
  lightningcss>lightningcss-darwin-x64: '-'
  lightningcss>lightningcss-freebsd-x64: '-'
  lightningcss>lightningcss-linux-arm-gnueabihf: '-'
  lightningcss>lightningcss-linux-arm64-gnu: '-'
  lightningcss>lightningcss-linux-arm64-musl: '-'
  lightningcss>lightningcss-linux-x64-musl: '-'
  lightningcss>lightningcss-win32-arm64-msvc: '-'
  lightningcss>lightningcss-win32-x64-msvc: '-'
  '@tailwindcss/oxide>@tailwindcss/oxide-android-arm64': '-'
  '@tailwindcss/oxide>@tailwindcss/oxide-darwin-arm64': '-'
  '@tailwindcss/oxide>@tailwindcss/oxide-darwin-x64': '-'
  '@tailwindcss/oxide>@tailwindcss/oxide-freebsd-x64': '-'
  '@tailwindcss/oxide>@tailwindcss/oxide-linux-arm-gnueabihf': '-'
  '@tailwindcss/oxide>@tailwindcss/oxide-linux-arm64-gnu': '-'
  '@tailwindcss/oxide>@tailwindcss/oxide-linux-arm64-musl': '-'
  '@tailwindcss/oxide>@tailwindcss/oxide-win32-arm64-msvc': '-'
  '@tailwindcss/oxide>@tailwindcss/oxide-win32-x64-msvc': '-'
  '@tailwindcss/oxide>@tailwindcss/oxide-linux-x64-musl': '-'
  rollup>@rollup/rollup-android-arm-eabi: '-'
  rollup>@rollup/rollup-android-arm64: '-'
  rollup>@rollup/rollup-darwin-arm64: '-'
  rollup>@rollup/rollup-darwin-x64: '-'
  rollup>@rollup/rollup-freebsd-arm64: '-'
  rollup>@rollup/rollup-freebsd-x64: '-'
  rollup>@rollup/rollup-linux-arm-gnueabihf: '-'
  rollup>@rollup/rollup-linux-arm-musleabihf: '-'
  rollup>@rollup/rollup-linux-arm64-gnu: '-'
  rollup>@rollup/rollup-linux-arm64-musl: '-'
  rollup>@rollup/rollup-linux-loong64-gnu: '-'
  rollup>@rollup/rollup-linux-loong64-musl: '-'
  rollup>@rollup/rollup-linux-ppc64-gnu: '-'
  rollup>@rollup/rollup-linux-ppc64-musl: '-'
  rollup>@rollup/rollup-linux-riscv64-gnu: '-'
  rollup>@rollup/rollup-linux-riscv64-musl: '-'
  rollup>@rollup/rollup-linux-s390x-gnu: '-'
  rollup>@rollup/rollup-linux-x64-musl: '-'
  rollup>@rollup/rollup-openbsd-x64: '-'
  rollup>@rollup/rollup-openharmony-arm64: '-'
  rollup>@rollup/rollup-win32-arm64-msvc: '-'
  rollup>@rollup/rollup-win32-ia32-msvc: '-'
  rollup>@rollup/rollup-win32-x64-gnu: '-'
  rollup>@rollup/rollup-win32-x64-msvc: '-'
  '@expo/ngrok-bin>@expo/ngrok-bin-darwin-arm64': '-'
  '@expo/ngrok-bin>@expo/ngrok-bin-darwin-x64': '-'
  '@expo/ngrok-bin>@expo/ngrok-bin-freebsd-ia32': '-'
  '@expo/ngrok-bin>@expo/ngrok-bin-freebsd-x64': '-'
  '@expo/ngrok-bin>@expo/ngrok-bin-linux-arm64': '-'
  '@expo/ngrok-bin>@expo/ngrok-bin-linux-arm': '-'
  '@expo/ngrok-bin>@expo/ngrok-bin-linux-ia32': '-'
  '@expo/ngrok-bin>@expo/ngrok-bin-sunos-x64': '-'
  '@expo/ngrok-bin>@expo/ngrok-bin-win32-ia32': '-'
  '@expo/ngrok-bin>@expo/ngrok-bin-win32-x64': '-'
  '@esbuild-kit/esm-loader': npm:tsx@^4.21.0
  esbuild: 0.27.3

importers:

  .:
    dependencies:
      drizzle-orm:
        specifier: 'catalog:'
        version: 0.45.2(@types/pg@8.20.0)(pg@8.20.0)
      drizzle-zod:
        specifier: ^0.8.3
        version: 0.8.3(drizzle-orm@0.45.2(@types/pg@8.20.0)(pg@8.20.0))(zod@3.25.76)
      pg:
        specifier: ^8.20.0
        version: 8.20.0
      zod:
        specifier: 'catalog:'
        version: 3.25.76
    devDependencies:
      '@types/node':
        specifier: 'catalog:'
        version: 25.5.0
      '@types/pg':
        specifier: ^8.18.0
        version: 8.20.0
      drizzle-kit:
        specifier: ^0.31.9
        version: 0.31.10

packages:

  '@drizzle-team/brocli@0.10.2':
    resolution: {integrity: sha512-z33Il7l5dKjUgGULTqBsQBQwckHh5AbIuxhdsIxDDiZAzBOrZO6q9ogcWC65kU382AfynTfgNumVcNIjuIua6w==}

  '@esbuild/linux-x64@0.27.3':
    resolution: {integrity: sha512-Czi8yzXUWIQYAtL/2y6vogER8pvcsOsk5cpwL4Gk5nJqH5UZiVByIY8Eorm5R13gq+DQKYg0+JyQoytLQas4dA==}
    engines: {node: '>=18'}
    cpu: [x64]
    os: [linux]

  '@types/node@25.5.0':
    resolution: {integrity: sha512-jp2P3tQMSxWugkCUKLRPVUpGaL5MVFwF8RDuSRztfwgN1wmqJeMSbKlnEtQqU8UrhTmzEmZdu2I6v2dpp7XIxw==}

  '@types/pg@8.20.0':
    resolution: {integrity: sha512-bEPFOaMAHTEP1EzpvHTbmwR8UsFyHSKsRisLIHVMXnpNefSbGA1bD6CVy+qKjGSqmZqNqBDV2azOBo8TgkcVow==}

  drizzle-kit@0.31.10:
    resolution: {integrity: sha512-7OZcmQUrdGI+DUNNsKBn1aW8qSoKuTH7d0mYgSP8bAzdFzKoovxEFnoGQp2dVs82EOJeYycqRtciopszwUf8bw==}
    hasBin: true

  drizzle-orm@0.45.2:
    resolution: {integrity: sha512-kY0BSaTNYWnoDMVoyY8uxmyHjpJW1geOmBMdSSicKo9CIIWkSxMIj2rkeSR51b8KAPB7m+qysjuHme5nKP+E5Q==}
    peerDependencies:
      '@aws-sdk/client-rds-data': '>=3'
      '@cloudflare/workers-types': '>=4'
      '@electric-sql/pglite': '>=0.2.0'
      '@libsql/client': '>=0.10.0'
      '@libsql/client-wasm': '>=0.10.0'
      '@neondatabase/serverless': '>=0.10.0'
      '@op-engineering/op-sqlite': '>=2'
      '@opentelemetry/api': ^1.4.1
      '@planetscale/database': '>=1.13'
      '@prisma/client': '*'
      '@tidbcloud/serverless': '*'
      '@types/better-sqlite3': '*'
      '@types/pg': '*'
      '@types/sql.js': '*'
      '@upstash/redis': '>=1.34.7'
      '@vercel/postgres': '>=0.8.0'
      '@xata.io/client': '*'
      better-sqlite3: '>=7'
      bun-types: '*'
      expo-sqlite: '>=14.0.0'
      gel: '>=2'
      knex: '*'
      kysely: '*'
      mysql2: '>=2'
      pg: '>=8'
      postgres: '>=3'
      prisma: '*'
      sql.js: '>=1'
      sqlite3: '>=5'
    peerDependenciesMeta:
      '@aws-sdk/client-rds-data':
        optional: true
      '@cloudflare/workers-types':
        optional: true
      '@electric-sql/pglite':
        optional: true
      '@libsql/client':
        optional: true
      '@libsql/client-wasm':
        optional: true
      '@neondatabase/serverless':
        optional: true
      '@op-engineering/op-sqlite':
        optional: true
      '@opentelemetry/api':
        optional: true
      '@planetscale/database':
        optional: true
      '@prisma/client':
        optional: true
      '@tidbcloud/serverless':
        optional: true
      '@types/better-sqlite3':
        optional: true
      '@types/pg':
        optional: true
      '@types/sql.js':
        optional: true
      '@upstash/redis':
        optional: true
      '@vercel/postgres':
        optional: true
      '@xata.io/client':
        optional: true
      better-sqlite3:
        optional: true
      bun-types:
        optional: true
      expo-sqlite:
        optional: true
      gel:
        optional: true
      knex:
        optional: true
      kysely:
        optional: true
      mysql2:
        optional: true
      pg:
        optional: true
      postgres:
        optional: true
      prisma:
        optional: true
      sql.js:
        optional: true
      sqlite3:
        optional: true

  drizzle-zod@0.8.3:
    resolution: {integrity: sha512-66yVOuvGhKJnTdiqj1/Xaaz9/qzOdRJADpDa68enqS6g3t0kpNkwNYjUuaeXgZfO/UWuIM9HIhSlJ6C5ZraMww==}
    peerDependencies:
      drizzle-orm: '>=0.36.0'
      zod: ^3.25.0 || ^4.0.0

  esbuild@0.27.3:
    resolution: {integrity: sha512-8VwMnyGCONIs6cWue2IdpHxHnAjzxnw2Zr7MkVxB2vjmQ2ivqGFb4LEG3SMnv0Gb2F/G/2yA8zUaiL1gywDCCg==}
    engines: {node: '>=18'}
    hasBin: true

  fsevents@2.3.3:
    resolution: {integrity: sha512-5xoDfX+fL7faATnagmWPpbFtwh/R77WmMMqqHGS65C3vvB0YHrgF+B1YmZ3441tMj5n63k0212XNoJwzlhffQw==}
    engines: {node: ^8.16.0 || ^10.6.0 || >=11.0.0}
    os: [darwin]

  get-tsconfig@4.13.7:
    resolution: {integrity: sha512-7tN6rFgBlMgpBML5j8typ92BKFi2sFQvIdpAqLA2beia5avZDrMs0FLZiM5etShWq5irVyGcGMEA1jcDaK7A/Q==}

  pg-cloudflare@1.3.0:
    resolution: {integrity: sha512-6lswVVSztmHiRtD6I8hw4qP/nDm1EJbKMRhf3HCYaqud7frGysPv7FYJ5noZQdhQtN2xJnimfMtvQq21pdbzyQ==}

  pg-connection-string@2.12.0:
    resolution: {integrity: sha512-U7qg+bpswf3Cs5xLzRqbXbQl85ng0mfSV/J0nnA31MCLgvEaAo7CIhmeyrmJpOr7o+zm0rXK+hNnT5l9RHkCkQ==}

  pg-int8@1.0.1:
    resolution: {integrity: sha512-WCtabS6t3c8SkpDBUlb1kjOs7l66xsGdKpIPZsg4wR+B3+u9UAum2odSsF9tnvxg80h4ZxLWMy4pRjOsFIqQpw==}
    engines: {node: '>=4.0.0'}

  pg-pool@3.13.0:
    resolution: {integrity: sha512-gB+R+Xud1gLFuRD/QgOIgGOBE2KCQPaPwkzBBGC9oG69pHTkhQeIuejVIk3/cnDyX39av2AxomQiyPT13WKHQA==}
    peerDependencies:
      pg: '>=8.0'

  pg-protocol@1.13.0:
    resolution: {integrity: sha512-zzdvXfS6v89r6v7OcFCHfHlyG/wvry1ALxZo4LqgUoy7W9xhBDMaqOuMiF3qEV45VqsN6rdlcehHrfDtlCPc8w==}

  pg-types@2.2.0:
    resolution: {integrity: sha512-qTAAlrEsl8s4OiEQY69wDvcMIdQN6wdz5ojQiOy6YRMuynxenON0O5oCpJI6lshc6scgAY8qvJ2On/p+CXY0GA==}
    engines: {node: '>=4'}

  pg@8.20.0:
    resolution: {integrity: sha512-ldhMxz2r8fl/6QkXnBD3CR9/xg694oT6DZQ2s6c/RI28OjtSOpxnPrUCGOBJ46RCUxcWdx3p6kw/xnDHjKvaRA==}
    engines: {node: '>= 16.0.0'}
    peerDependencies:
      pg-native: '>=3.0.1'
    peerDependenciesMeta:
      pg-native:
        optional: true

  pgpass@1.0.5:
    resolution: {integrity: sha512-FdW9r/jQZhSeohs1Z3sI1yxFQNFvMcnmfuj4WBMUTxOrAyLMaTcE1aAMBiTlbMNaXvBCQuVi0R7hd8udDSP7ug==}

  postgres-array@2.0.0:
    resolution: {integrity: sha512-VpZrUqU5A69eQyW2c5CA1jtLecCsN2U/bD6VilrFDWq5+5UIEVO7nazS3TEcHf1zuPYO/sqGvUvW62g86RXZuA==}
    engines: {node: '>=4'}

  postgres-bytea@1.0.1:
    resolution: {integrity: sha512-5+5HqXnsZPE65IJZSMkZtURARZelel2oXUEO8rH83VS/hxH5vv1uHquPg5wZs8yMAfdv971IU+kcPUczi7NVBQ==}
    engines: {node: '>=0.10.0'}

  postgres-date@1.0.7:
    resolution: {integrity: sha512-suDmjLVQg78nMK2UZ454hAG+OAW+HQPZ6n++TNDUX+L0+uUlLywnoxJKDou51Zm+zTCjrCl0Nq6J9C5hP9vK/Q==}
    engines: {node: '>=0.10.0'}

  postgres-interval@1.2.0:
    resolution: {integrity: sha512-9ZhXKM/rw350N1ovuWHbGxnGh/SNJ4cnxHiM0rxE4VN41wsg8P8zWn9hv/buK00RP4WvlOyr/RBDiptyxVbkZQ==}
    engines: {node: '>=0.10.0'}

  resolve-pkg-maps@1.0.0:
    resolution: {integrity: sha512-seS2Tj26TBVOC2NIc2rOe2y2ZO7efxITtLZcGSOnHHNOQ7CkiUBfw0Iw2ck6xkIhPwLhKNLS8BO+hEpngQlqzw==}

  split2@4.2.0:
    resolution: {integrity: sha512-UcjcJOWknrNkF6PLX83qcHM6KHgVKNkV62Y8a5uYDVv9ydGQVwAHMKqHdJje1VTWpljG0WYpCDhrCdAOYH4TWg==}
    engines: {node: '>= 10.x'}

  tsx@4.21.0:
    resolution: {integrity: sha512-5C1sg4USs1lfG0GFb2RLXsdpXqBSEhAaA/0kPL01wxzpMqLILNxIxIOKiILz+cdg/pLnOUxFYOR5yhHU666wbw==}
    engines: {node: '>=18.0.0'}
    hasBin: true

  undici-types@7.18.2:
    resolution: {integrity: sha512-AsuCzffGHJybSaRrmr5eHr81mwJU3kjw6M+uprWvCXiNeN9SOGwQ3Jn8jb8m3Z6izVgknn1R0FTCEAP2QrLY/w==}

  xtend@4.0.2:
    resolution: {integrity: sha512-LKYU1iAXJXUgAXn9URjiu+MWhyUXHsvfp7mcuYm9dSUKK0/CjtrUwFAxD82/mCWbtLsGjFIad0wIsod4zrTAEQ==}
    engines: {node: '>=0.4'}

  zod@3.25.76:
    resolution: {integrity: sha512-gzUt/qt81nXsFGKIFcC3YnfEAx5NkunCfnDlvuBSSFS02bcXu4Lmea0AFIUwbLWxWPx3d9p8S5QoaujKcNQxcQ==}

snapshots:

  '@drizzle-team/brocli@0.10.2': {}

  '@esbuild/linux-x64@0.27.3':
    optional: true

  '@types/node@25.5.0':
    dependencies:
      undici-types: 7.18.2

  '@types/pg@8.20.0':
    dependencies:
      '@types/node': 25.5.0
      pg-protocol: 1.13.0
      pg-types: 2.2.0

  drizzle-kit@0.31.10:
    dependencies:
      '@drizzle-team/brocli': 0.10.2
      '@esbuild-kit/esm-loader': tsx@4.21.0
      esbuild: 0.27.3
      tsx: 4.21.0

  drizzle-orm@0.45.2(@types/pg@8.20.0)(pg@8.20.0):
    optionalDependencies:
      '@types/pg': 8.20.0
      pg: 8.20.0

  drizzle-zod@0.8.3(drizzle-orm@0.45.2(@types/pg@8.20.0)(pg@8.20.0))(zod@3.25.76):
    dependencies:
      drizzle-orm: 0.45.2(@types/pg@8.20.0)(pg@8.20.0)
      zod: 3.25.76

  esbuild@0.27.3:
    optionalDependencies:
      '@esbuild/linux-x64': 0.27.3

  fsevents@2.3.3:
    optional: true

  get-tsconfig@4.13.7:
    dependencies:
      resolve-pkg-maps: 1.0.0

  pg-cloudflare@1.3.0:
    optional: true

  pg-connection-string@2.12.0: {}

  pg-int8@1.0.1: {}

  pg-pool@3.13.0(pg@8.20.0):
    dependencies:
      pg: 8.20.0

  pg-protocol@1.13.0: {}

  pg-types@2.2.0:
    dependencies:
      pg-int8: 1.0.1
      postgres-array: 2.0.0
      postgres-bytea: 1.0.1
      postgres-date: 1.0.7
      postgres-interval: 1.2.0

  pg@8.20.0:
    dependencies:
      pg-connection-string: 2.12.0
      pg-pool: 3.13.0(pg@8.20.0)
      pg-protocol: 1.13.0
      pg-types: 2.2.0
      pgpass: 1.0.5
    optionalDependencies:
      pg-cloudflare: 1.3.0

  pgpass@1.0.5:
    dependencies:
      split2: 4.2.0

  postgres-array@2.0.0: {}

  postgres-bytea@1.0.1: {}

  postgres-date@1.0.7: {}

  postgres-interval@1.2.0:
    dependencies:
      xtend: 4.0.2

  resolve-pkg-maps@1.0.0: {}

  split2@4.2.0: {}

  tsx@4.21.0:
    dependencies:
      esbuild: 0.27.3
      get-tsconfig: 4.13.7
    optionalDependencies:
      fsevents: 2.3.3

  undici-types@7.18.2: {}

  xtend@4.0.2: {}

  zod@3.25.76: {}
